
Microsoft Visual Studio Solution File, Format Version 12.00
# Visual Studio 2012
Project("{E24C65DC-7377-472B-9ABA-BC803B73C61A}") = "rsa-securid-radius-test", ".", "{BEBA7F7F-6103-4596-BF08-A02D1BA373A9}"
	ProjectSection(WebsiteProperties) = preProject
		TargetFrameworkMoniker = ".NETFramework,Version%3Dv4.5"
		Debug.AspNetCompiler.VirtualPath = "/rsa-securid-radius-test"
		Debug.AspNetCompiler.PhysicalPath = "C:\Projects\rsa-securid-radius-test\"
		Debug.AspNetCompiler.TargetPath = "PrecompiledWeb\rsa-securid-radius-test\"
		Debug.AspNetCompiler.Updateable = "true"
		Debug.AspNetCompiler.ForceOverwrite = "true"
		Debug.AspNetCompiler.FixedNames = "false"
		Debug.AspNetCompiler.Debug = "True"
		Release.AspNetCompiler.VirtualPath = "/rsa-securid-radius-test"
		Release.AspNetCompiler.PhysicalPath = "C:\Projects\rsa-securid-radius-test\"
		Release.AspNetCompiler.TargetPath = "PrecompiledWeb\rsa-securid-radius-test\"
		Release.AspNetCompiler.Updateable = "true"
		Release.AspNetCompiler.ForceOverwrite = "true"
		Release.AspNetCompiler.FixedNames = "false"
		Release.AspNetCompiler.Debug = "False"
		VWDPort = "64916"
	EndProjectSection
EndProject
Global
	GlobalSection(SolutionConfigurationPlatforms) = preSolution
		Debug|Any CPU = Debug|Any CPU
	EndGlobalSection
	GlobalSection(ProjectConfigurationPlatforms) = postSolution
		{BEBA7F7F-6103-4596-BF08-A02D1BA373A9}.Debug|Any CPU.ActiveCfg = Debug|Any CPU
		{BEBA7F7F-6103-4596-BF08-A02D1BA373A9}.Debug|Any CPU.Build.0 = Debug|Any CPU
	EndGlobalSection
	GlobalSection(SolutionProperties) = preSolution
		HideSolutionNode = FALSE
	EndGlobalSection
EndGlobal
